// !$*UTF8*$!
{
	archiveVersion = 1;
	classes = {
	};
	objectVersion = 50;
	objects = {

/* Begin PBXBuildFile section */
		3512A219218E2B8800CCF8FF /* RiderViewController.swift in Sources */ = {isa = PBXBuildFile; fileRef = 3512A218218E2B8800CCF8FF /* RiderViewController.swift */; };
		3512A21D218E430800CCF8FF /* GoogleService-Info.plist in Resources */ = {isa = PBXBuildFile; fileRef = 3512A21C218E430800CCF8FF /* GoogleService-Info.plist */; };
		35B9C675218DC9A900074700 /* AppDelegate.swift in Sources */ = {isa = PBXBuildFile; fileRef = 35B9C674218DC9A900074700 /* AppDelegate.swift */; };
		35B9C677218DC9A900074700 /* EntryViewController.swift in Sources */ = {isa = PBXBuildFile; fileRef = 35B9C676218DC9A900074700 /* EntryViewController.swift */; };
		35B9C67A218DC9A900074700 /* Main.storyboard in Resources */ = {isa = PBXBuildFile; fileRef = 35B9C678218DC9A900074700 /* Main.storyboard */; };
		35B9C67C218DC9B900074700 /* Assets.xcassets in Resources */ = {isa = PBXBuildFile; fileRef = 35B9C67B218DC9B900074700 /* Assets.xcassets */; };
		35B9C67F218DC9B900074700 /* LaunchScreen.storyboard in Resources */ = {isa = PBXBuildFile; fileRef = 35B9C67D218DC9B900074700 /* LaunchScreen.storyboard */; };
		D83C0474480E57FFC4063A5E /* Pods_Uber_Clone.framework in Frameworks */ = {isa = PBXBuildFile; fileRef = 606A2072812AFF91D83216DE /* Pods_Uber_Clone.framework */; };
/* End PBXBuildFile section */

/* Begin PBXFileReference section */
		3512A218218E2B8800CCF8FF /* RiderViewController.swift */ = {isa = PBXFileReference; lastKnownFileType = sourcecode.swift; path = RiderViewController.swift; sourceTree = "<group>"; };
		3512A21C218E430800CCF8FF /* GoogleService-Info.plist */ = {isa = PBXFileReference; fileEncoding = 4; lastKnownFileType = text.plist.xml; path = "GoogleService-Info.plist"; sourceTree = "<group>"; };
		35B9C671218DC9A900074700 /* Uber-Clone.app */ = {isa = PBXFileReference; explicitFileType = wrapper.application; includeInIndex = 0; path = "Uber-Clone.app"; sourceTree = BUILT_PRODUCTS_DIR; };
		35B9C674218DC9A900074700 /* AppDelegate.swift */ = {isa = PBXFileReference; lastKnownFileType = sourcecode.swift; path = AppDelegate.swift; sourceTree = "<group>"; };
		35B9C676218DC9A900074700 /* EntryViewController.swift */ = {isa = PBXFileReference; lastKnownFileType = sourcecode.swift; path = EntryViewController.swift; sourceTree = "<group>"; };
		35B9C679218DC9A900074700 /* Base */ = {isa = PBXFileReference; lastKnownFileType = file.storyboard; name = Base; path = Base.lproj/Main.storyboard; sourceTree = "<group>"; };
		35B9C67B218DC9B900074700 /* Assets.xcassets */ = {isa = PBXFileReference; lastKnownFileType = folder.assetcatalog; path = Assets.xcassets; sourceTree = "<group>"; };
		35B9C67E218DC9B900074700 /* Base */ = {isa = PBXFileReference; lastKnownFileType = file.storyboard; name = Base; path = Base.lproj/LaunchScreen.storyboard; sourceTree = "<group>"; };
		35B9C680218DC9B900074700 /* Info.plist */ = {isa = PBXFileReference; lastKnownFileType = text.plist.xml; path = Info.plist; sourceTree = "<group>"; };
		606A2072812AFF91D83216DE /* Pods_Uber_Clone.framework */ = {isa = PBXFileReference; explicitFileType = wrapper.framework; includeInIndex = 0; path = Pods_Uber_Clone.framework; sourceTree = BUILT_PRODUCTS_DIR; };
		7A810AEB44EC66CF3704E5D8 /* Pods-Uber-Clone.debug.xcconfig */ = {isa = PBXFileReference; includeInIndex = 1; lastKnownFileType = text.xcconfig; name = "Pods-Uber-Clone.debug.xcconfig"; path = "Pods/Target Support Files/Pods-Uber-Clone/Pods-Uber-Clone.debug.xcconfig"; sourceTree = "<group>"; };
		FA46F72863DDB5B1412FAADA /* Pods-Uber-Clone.release.xcconfig */ = {isa = PBXFileReference; includeInIndex = 1; lastKnownFileType = text.xcconfig; name = "Pods-Uber-Clone.release.xcconfig"; path = "Pods/Target Support Files/Pods-Uber-Clone/Pods-Uber-Clone.release.xcconfig"; sourceTree = "<group>"; };
/* End PBXFileReference section */

/* Begin PBXFrameworksBuildPhase section */
		35B9C66E218DC9A900074700 /* Frameworks */ = {
			isa = PBXFrameworksBuildPhase;
			buildActionMask = 2147483647;
			files = (
				D83C0474480E57FFC4063A5E /* Pods_Uber_Clone.framework in Frameworks */,
			);
			runOnlyForDeploymentPostprocessing = 0;
		};
/* End PBXFrameworksBuildPhase section */

/* Begin PBXGroup section */
		35B9C668218DC9A900074700 = {
			isa = PBXGroup;
			children = (
				35B9C673218DC9A900074700 /* Uber-Clone */,
				35B9C672218DC9A900074700 /* Products */,
				A538411F7BC140AAEF913908 /* Pods */,
				ACFD19C1628F97C510A6CFE8 /* Frameworks */,
			);
			sourceTree = "<group>";
		};
		35B9C672218DC9A900074700 /* Products */ = {
			isa = PBXGroup;
			children = (
				35B9C671218DC9A900074700 /* Uber-Clone.app */,
			);
			name = Products;
			sourceTree = "<group>";
		};
		35B9C673218DC9A900074700 /* Uber-Clone */ = {
			isa = PBXGroup;
			children = (
				35B9C674218DC9A900074700 /* AppDelegate.swift */,
				35B9C676218DC9A900074700 /* EntryViewController.swift */,
				3512A218218E2B8800CCF8FF /* RiderViewController.swift */,
				35B9C678218DC9A900074700 /* Main.storyboard */,
				35B9C67B218DC9B900074700 /* Assets.xcassets */,
				35B9C67D218DC9B900074700 /* LaunchScreen.storyboard */,
				35B9C680218DC9B900074700 /* Info.plist */,
				3512A21C218E430800CCF8FF /* GoogleService-Info.plist */,
			);
			path = "Uber-Clone";
			sourceTree = "<group>";
		};
		A538411F7BC140AAEF913908 /* Pods */ = {
			isa = PBXGroup;
			children = (
				7A810AEB44EC66CF3704E5D8 /* Pods-Uber-Clone.debug.xcconfig */,
				FA46F72863DDB5B1412FAADA /* Pods-Uber-Clone.release.xcconfig */,
			);
			name = Pods;
			sourceTree = "<group>";
		};
		ACFD19C1628F97C510A6CFE8 /* Frameworks */ = {
			isa = PBXGroup;
			children = (
				606A2072812AFF91D83216DE /* Pods_Uber_Clone.framework */,
			);
			name = Frameworks;
			sourceTree = "<group>";
		};
/* End PBXGroup section */

/* Begin PBXNativeTarget section */
		35B9C670218DC9A900074700 /* Uber-Clone */ = {
			isa = PBXNativeTarget;
			buildConfigurationList = 35B9C683218DC9B900074700 /* Build configuration list for PBXNativeTarget "Uber-Clone" */;
			buildPhases = (
				906D996DBFB58AA59AD4618C /* [CP] Check Pods Manifest.lock */,
				35B9C66D218DC9A900074700 /* Sources */,
				35B9C66E218DC9A900074700 /* Frameworks */,
				35B9C66F218DC9A900074700 /* Resources */,
				1C86EECCFE116D365D7A6917 /* [CP] Embed Pods Frameworks */,
			);
			buildRules = (
			);
			dependencies = (
			);
			name = "Uber-Clone";
			productName = "Uber-Clone";
			productReference = 35B9C671218DC9A900074700 /* Uber-Clone.app */;
			productType = "com.apple.product-type.application";
		};
/* End PBXNativeTarget section */

/* Begin PBXProject section */
		35B9C669218DC9A900074700 /* Project object */ = {
			isa = PBXProject;
			attributes = {
				LastSwiftUpdateCheck = 0940;
				LastUpgradeCheck = 0940;
				ORGANIZATIONNAME = K.K.;
				TargetAttributes = {
					35B9C670218DC9A900074700 = {
						CreatedOnToolsVersion = 9.4.1;
					};
				};
			};
			buildConfigurationList = 35B9C66C218DC9A900074700 /* Build configuration list for PBXProject "Uber-Clone" */;
			compatibilityVersion = "Xcode 9.3";
			developmentRegion = en;
			hasScannedForEncodings = 0;
			knownRegions = (
				en,
				Base,
			);
			mainGroup = 35B9C668218DC9A900074700;
			productRefGroup = 35B9C672218DC9A900074700 /* Products */;
			projectDirPath = "";
			projectRoot = "";
			targets = (
				35B9C670218DC9A900074700 /* Uber-Clone */,
			);
		};
/* End PBXProject section */

/* Begin PBXResourcesBuildPhase section */
		35B9C66F218DC9A900074700 /* Resources */ = {
			isa = PBXResourcesBuildPhase;
			buildActionMask = 2147483647;
			files = (
				35B9C67F218DC9B900074700 /* LaunchScreen.storyboard in Resources */,
				3512A21D218E430800CCF8FF /* GoogleService-Info.plist in Resources */,
				35B9C67C218DC9B900074700 /* Assets.xcassets in Resources */,
				35B9C67A218DC9A900074700 /* Main.storyboard in Resources */,
			);
			runOnlyForDeploymentPostprocessing = 0;
		};
/* End PBXResourcesBuildPhase section */

/* Begin PBXShellScriptBuildPhase section */
		1C86EECCFE116D365D7A6917 /* [CP] Embed Pods Frameworks */ = {
			isa = PBXShellScriptBuildPhase;
			buildActionMask = 2147483647;
			files = (
			);
			inputPaths = (
				"${SRCROOT}/Pods/Target Support Files/Pods-Uber-Clone/Pods-Uber-Clone-frameworks.sh",
				"${BUILT_PRODUCTS_DIR}/GTMSessionFetcher/GTMSessionFetcher.framework",
				"${BUILT_PRODUCTS_DIR}/GoogleUtilities/GoogleUtilities.framework",
				"${BUILT_PRODUCTS_DIR}/leveldb-library/leveldb.framework",
				"${BUILT_PRODUCTS_DIR}/nanopb/nanopb.framework",
			);
			name = "[CP] Embed Pods Frameworks";
			outputPaths = (
				"${TARGET_BUILD_DIR}/${FRAMEWORKS_FOLDER_PATH}/GTMSessionFetcher.framework",
				"${TARGET_BUILD_DIR}/${FRAMEWORKS_FOLDER_PATH}/GoogleUtilities.framework",
				"${TARGET_BUILD_DIR}/${FRAMEWORKS_FOLDER_PATH}/leveldb.framework",
				"${TARGET_BUILD_DIR}/${FRAMEWORKS_FOLDER_PATH}/nanopb.framework",
			);
			runOnlyForDeploymentPostprocessing = 0;
			shellPath = /bin/sh;
			shellScript = "\"${SRCROOT}/Pods/Target Support Files/Pods-Uber-Clone/Pods-Uber-Clone-frameworks.sh\"\n";
			showEnvVarsInLog = 0;
		};
		906D996DBFB58AA59AD4618C /* [CP] Check Pods Manifest.lock */ = {
			isa = PBXShellScriptBuildPhase;
			buildActionMask = 2147483647;
			files = (
			);
			inputPaths = (
				"${PODS_PODFILE_DIR_PATH}/Podfile.lock",
				"${PODS_ROOT}/Manifest.lock",
			);
			name = "[CP] Check Pods Manifest.lock";
			outputPaths = (
				"$(DERIVED_FILE_DIR)/Pods-Uber-Clone-checkManifestLockResult.txt",
			);
			runOnlyForDeploymentPostprocessing = 0;
			shellPath = /bin/sh;
			shellScript = "diff \"${PODS_PODFILE_DIR_PATH}/Podfile.lock\" \"${PODS_ROOT}/Manifest.lock\" > /dev/null\nif [ $? != 0 ] ; then\n    # print error to STDERR\n    echo \"error: The sandbox is not in sync with the Podfile.lock. Run 'pod install' or update your CocoaPods installation.\" >&2\n    exit 1\nfi\n# This output is used by Xcode 'outputs' to avoid re-running this script phase.\necho \"SUCCESS\" > \"${SCRIPT_OUTPUT_FILE_0}\"\n";
			showEnvVarsInLog = 0;
		};
/* End PBXShellScriptBuildPhase section */

/* Begin PBXSourcesBuildPhase section */
		35B9C66D218DC9A900074700 /* Sources */ = {
			isa = PBXSourcesBuildPhase;
			buildActionMask = 2147483647;
			files = (
				35B9C677218DC9A900074700 /* EntryViewController.swift in Sources */,
				3512A219218E2B8800CCF8FF /* RiderViewController.swift in Sources */,
				35B9C675218DC9A900074700 /* AppDelegate.swift in Sources */,
			);
			runOnlyForDeploymentPostprocessing = 0;
		};
/* End PBXSourcesBuildPhase section */

/* Begin PBXVariantGroup section */
		35B9C678218DC9A900074700 /* Main.storyboard */ = {
			isa = PBXVariantGroup;
			children = (
				35B9C679218DC9A900074700 /* Base */,
			);
			name = Main.storyboard;
			sourceTree = "<group>";
		};
		35B9C67D218DC9B900074700 /* LaunchScreen.storyboard */ = {
			isa = PBXVariantGroup;
			children = (
				35B9C67E218DC9B900074700 /* Base */,
			);
			name = LaunchScreen.storyboard;
			sourceTree = "<group>";
		};
/* End PBXVariantGroup section */

/* Begin XCBuildConfiguration section */
		35B9C681218DC9B900074700 /* Debug */ = {
			isa = XCBuildConfiguration;
			buildSettings = {
				ALWAYS_SEARCH_USER_PATHS = NO;
				CLANG_ANALYZER_NONNULL = YES;
				CLANG_ANALYZER_NUMBER_OBJECT_CONVERSION = YES_AGGRESSIVE;
				CLANG_CXX_LANGUAGE_STANDARD = "gnu++14";
				CLANG_CXX_LIBRARY = "libc++";
				CLANG_ENABLE_MODULES = YES;
				CLANG_ENABLE_OBJC_ARC = YES;
				CLANG_ENABLE_OBJC_WEAK = YES;
				CLANG_WARN_BLOCK_CAPTURE_AUTORELEASING = YES;
				CLANG_WARN_BOOL_CONVERSION = YES;
				CLANG_WARN_COMMA = YES;
				CLANG_WARN_CONSTANT_CONVERSION = YES;
				CLANG_WARN_DEPRECATED_OBJC_IMPLEMENTATIONS = YES;
				CLANG_WARN_DIRECT_OBJC_ISA_USAGE = YES_ERROR;
				CLANG_WARN_DOCUMENTATION_COMMENTS = YES;
				CLANG_WARN_EMPTY_BODY = YES;
				CLANG_WARN_ENUM_CONVERSION = YES;
				CLANG_WARN_INFINITE_RECURSION = YES;
				CLANG_WARN_INT_CONVERSION = YES;
				CLANG_WARN_NON_LITERAL_NULL_CONVERSION = YES;
				CLANG_WARN_OBJC_IMPLICIT_RETAIN_SELF = YES;
				CLANG_WARN_OBJC_LITERAL_CONVERSION = YES;
				CLANG_WARN_OBJC_ROOT_CLASS = YES_ERROR;
				CLANG_WARN_RANGE_LOOP_ANALYSIS = YES;
				CLANG_WARN_STRICT_PROTOTYPES = YES;
				CLANG_WARN_SUSPICIOUS_MOVE = YES;
				CLANG_WARN_UNGUARDED_AVAILABILITY = YES_AGGRESSIVE;
				CLANG_WARN_UNREACHABLE_CODE = YES;
				CLANG_WARN__DUPLICATE_METHOD_MATCH = YES;
				CODE_SIGN_IDENTITY = "iPhone Developer";
				COPY_PHASE_STRIP = NO;
				DEBUG_INFORMATION_FORMAT = dwarf;
				ENABLE_STRICT_OBJC_MSGSEND = YES;
				ENABLE_TESTABILITY = YES;
				GCC_C_LANGUAGE_STANDARD = gnu11;
				GCC_DYNAMIC_NO_PIC = NO;
				GCC_NO_COMMON_BLOCKS = YES;
				GCC_OPTIMIZATION_LEVEL = 0;
				GCC_PREPROCESSOR_DEFINITIONS = (
					"DEBUG=1",
					"$(inherited)",
				);
				GCC_WARN_64_TO_32_BIT_CONVERSION = YES;
				GCC_WARN_ABOUT_RETURN_TYPE = YES_ERROR;
				GCC_WARN_UNDECLARED_SELECTOR = YES;
				GCC_WARN_UNINITIALIZED_AUTOS = YES_AGGRESSIVE;
				GCC_WARN_UNUSED_FUNCTION = YES;
				GCC_WARN_UNUSED_VARIABLE = YES;
				IPHONEOS_DEPLOYMENT_TARGET = 11.4;
				MTL_ENABLE_DEBUG_INFO = YES;
				ONLY_ACTIVE_ARCH = YES;
				SDKROOT = iphoneos;
				SWIFT_ACTIVE_COMPILATION_CONDITIONS = DEBUG;
				SWIFT_OPTIMIZATION_LEVEL = "-Onone";
			};
			name = Debug;
		};
		35B9C682218DC9B900074700 /* Release */ = {
			isa = XCBuildConfiguration;
			buildSettings = {
				ALWAYS_SEARCH_USER_PATHS = NO;
				CLANG_ANALYZER_NONNULL = YES;
				CLANG_ANALYZER_NUMBER_OBJECT_CONVERSION = YES_AGGRESSIVE;
				CLANG_CXX_LANGUAGE_STANDARD = "gnu++14";
				CLANG_CXX_LIBRARY = "libc++";
				CLANG_ENABLE_MODULES = YES;
				CLANG_ENABLE_OBJC_ARC = YES;
				CLANG_ENABLE_OBJC_WEAK = YES;
				CLANG_WARN_BLOCK_CAPTURE_AUTORELEASING = YES;
				CLANG_WARN_BOOL_CONVERSION = YES;
				CLANG_WARN_COMMA = YES;
				CLANG_WARN_CONSTANT_CONVERSION = YES;
				CLANG_WARN_DEPRECATED_OBJC_IMPLEMENTATIONS = YES;
				CLANG_WARN_DIRECT_OBJC_ISA_USAGE = YES_ERROR;
				CLANG_WARN_DOCUMENTATION_COMMENTS = YES;
				CLANG_WARN_EMPTY_BODY = YES;
				CLANG_WARN_ENUM_CONVERSION = YES;
				CLANG_WARN_INFINITE_RECURSION = YES;
				CLANG_WARN_INT_CONVERSION = YES;
				CLANG_WARN_NON_LITERAL_NULL_CONVERSION = YES;
				CLANG_WARN_OBJC_IMPLICIT_RETAIN_SELF = YES;
				CLANG_WARN_OBJC_LITERAL_CONVERSION = YES;
				CLANG_WARN_OBJC_ROOT_CLASS = YES_ERROR;
				CLANG_WARN_RANGE_LOOP_ANALYSIS = YES;
				CLANG_WARN_STRICT_PROTOTYPES = YES;
				CLANG_WARN_SUSPICIOUS_MOVE = YES;
				CLANG_WARN_UNGUARDED_AVAILABILITY = YES_AGGRESSIVE;
				CLANG_WARN_UNREACHABLE_CODE = YES;
				CLANG_WARN__DUPLICATE_METHOD_MATCH = YES;
				CODE_SIGN_IDENTITY = "iPhone Developer";
				COPY_PHASE_STRIP = NO;
				DEBUG_INFORMATION_FORMAT = "dwarf-with-dsym";
				ENABLE_NS_ASSERTIONS = NO;
				ENABLE_STRICT_OBJC_MSGSEND = YES;
				GCC_C_LANGUAGE_STANDARD = gnu11;
				GCC_NO_COMMON_BLOCKS = YES;
				GCC_WARN_64_TO_32_BIT_CONVERSION = YES;
				GCC_WARN_ABOUT_RETURN_TYPE = YES_ERROR;
				GCC_WARN_UNDECLARED_SELECTOR = YES;
				GCC_WARN_UNINITIALIZED_AUTOS = YES_AGGRESSIVE;
				GCC_WARN_UNUSED_FUNCTION = YES;
				GCC_WARN_UNUSED_VARIABLE = YES;
				IPHONEOS_DEPLOYMENT_TARGET = 11.4;
				MTL_ENABLE_DEBUG_INFO = NO;
				SDKROOT = iphoneos;
				SWIFT_COMPILATION_MODE = wholemodule;
				SWIFT_OPTIMIZATION_LEVEL = "-O";
				VALIDATE_PRODUCT = YES;
			};
			name = Release;
		};
		35B9C684218DC9B900074700 /* Debug */ = {
			isa = XCBuildConfiguration;
			baseConfigurationReference = 7A810AEB44EC66CF3704E5D8 /* Pods-Uber-Clone.debug.xcconfig */;
			buildSettings = {
				ASSETCATALOG_COMPILER_APPICON_NAME = AppIcon;
				CODE_SIGN_STYLE = Automatic;
				INFOPLIST_FILE = "Uber-Clone/Info.plist";
				LD_RUNPATH_SEARCH_PATHS = (
					"$(inherited)",
					"@executable_path/Frameworks",
				);
				PRODUCT_BUNDLE_IDENTIFIER = "private.Uber-Clone";
				PRODUCT_NAME = "$(TARGET_NAME)";
				SWIFT_VERSION = 4.0;
				TARGETED_DEVICE_FAMILY = "1,2";
			};
			name = Debug;
		};
		35B9C685218DC9B900074700 /* Release */ = {
			isa = XCBuildConfiguration;
			baseConfigurationReference = FA46F72863DDB5B1412FAADA /* Pods-Uber-Clone.release.xcconfig */;
			buildSettings = {
				ASSETCATALOG_COMPILER_APPICON_NAME = AppIcon;
				CODE_SIGN_STYLE = Automatic;
				INFOPLIST_FILE = "Uber-Clone/Info.plist";
				LD_RUNPATH_SEARCH_PATHS = (
					"$(inherited)",
					"@executable_path/Frameworks",
				);
				PRODUCT_BUNDLE_IDENTIFIER = "private.Uber-Clone";
				PRODUCT_NAME = "$(TARGET_NAME)";
				SWIFT_VERSION = 4.0;
				TARGETED_DEVICE_FAMILY = "1,2";
			};
			name = Release;
		};
/* End XCBuildConfiguration section */

/* Begin XCConfigurationList section */
		35B9C66C218DC9A900074700 /* Build configuration list for PBXProject "Uber-Clone" */ = {
			isa = XCConfigurationList;
			buildConfigurations = (
				35B9C681218DC9B900074700 /* Debug */,
				35B9C682218DC9B900074700 /* Release */,
			);
			defaultConfigurationIsVisible = 0;
			defaultConfigurationName = Release;
		};
		35B9C683218DC9B900074700 /* Build configuration list for PBXNativeTarget "Uber-Clone" */ = {
			isa = XCConfigurationList;
			buildConfigurations = (
				35B9C684218DC9B900074700 /* Debug */,
				35B9C685218DC9B900074700 /* Release */,
			);
			defaultConfigurationIsVisible = 0;
			defaultConfigurationName = Release;
		};
/* End XCConfigurationList section */
	};
	rootObject = 35B9C669218DC9A900074700 /* Project object */;
}
